
Microsoft Visual Studio Solution File, Format Version 12.00
# Visual Studio 15
VisualStudioVersion = 15.0.28307.1000
MinimumVisualStudioVersion = 10.0.40219.1
Project("{F2A71F9B-5D33-465A-A702-920D77279786}") = "WebChat", "WebChat\WebChat.fsproj", "{C0B91C1C-155E-4EEB-B181-F6992830895F}"
EndProject
Global
	GlobalSection(SolutionConfigurationPlatforms) = preSolution
		Debug|Any CPU = Debug|Any CPU
		Release|Any CPU = Release|Any CPU
	EndGlobalSection
	GlobalSection(ProjectConfigurationPlatforms) = postSolution
		{C0B91C1C-155E-4EEB-B181-F6992830895F}.Debug|Any CPU.ActiveCfg = Debug|Any CPU
		{C0B91C1C-155E-4EEB-B181-F6992830895F}.Debug|Any CPU.Build.0 = Debug|Any CPU
		{C0B91C1C-155E-4EEB-B181-F6992830895F}.Release|Any CPU.ActiveCfg = Release|Any CPU
		{C0B91C1C-155E-4EEB-B181-F6992830895F}.Release|Any CPU.Build.0 = Release|Any CPU
	EndGlobalSection
	GlobalSection(SolutionProperties) = preSolution
		HideSolutionNode = FALSE
	EndGlobalSection
	GlobalSection(ExtensibilityGlobals) = postSolution
		SolutionGuid = {5B5D1E53-3FC2-4D66-B917-AD82925153EA}
	EndGlobalSection
EndGlobal
